
Microsoft Visual Studio Solution File, Format Version 12.00
# Visual Studio Version 16
VisualStudioVersion = 16.0.30320.27
MinimumVisualStudioVersion = 10.0.40219.1
Project("{9A19103F-16F7-4668-BE54-9A1E7A4F7556}") = "MISA.CukCuk.Api", "MISA.CukCuk.Api\MISA.CukCuk.Api.csproj", "{C09C9F1D-9651-4E53-B91D-42330FE86A57}"
EndProject
Project("{FAE04EC0-301F-11D3-BF4B-00C04F79EFBC}") = "MISA.ApplicationCore", "MISA.ApplicationCore\MISA.ApplicationCore.csproj", "{D832B8DD-041A-4B67-AA7E-6E14E9E2C27A}"
EndProject
Project("{FAE04EC0-301F-11D3-BF4B-00C04F79EFBC}") = "MISA.Infrastructure", "MISA.Infrastructure\MISA.Infrastructure.csproj", "{7B88E26A-986B-4A66-B75F-0FD798B7FF0E}"
EndProject
Project("{FAE04EC0-301F-11D3-BF4B-00C04F79EFBC}") = "MISA.CukCuk.Entities", "Entities\MISA.CukCuk.Entities.csproj", "{36B51B61-A1E8-42D2-A07E-6DF606944C91}"
EndProject
Global
	GlobalSection(SolutionConfigurationPlatforms) = preSolution
		Debug|Any CPU = Debug|Any CPU
		Release|Any CPU = Release|Any CPU
	EndGlobalSection
	GlobalSection(ProjectConfigurationPlatforms) = postSolution
		{C09C9F1D-9651-4E53-B91D-42330FE86A57}.Debug|Any CPU.ActiveCfg = Debug|Any CPU
		{C09C9F1D-9651-4E53-B91D-42330FE86A57}.Debug|Any CPU.Build.0 = Debug|Any CPU
		{C09C9F1D-9651-4E53-B91D-42330FE86A57}.Release|Any CPU.ActiveCfg = Release|Any CPU
		{C09C9F1D-9651-4E53-B91D-42330FE86A57}.Release|Any CPU.Build.0 = Release|Any CPU
		{D832B8DD-041A-4B67-AA7E-6E14E9E2C27A}.Debug|Any CPU.ActiveCfg = Debug|Any CPU
		{D832B8DD-041A-4B67-AA7E-6E14E9E2C27A}.Debug|Any CPU.Build.0 = Debug|Any CPU
		{D832B8DD-041A-4B67-AA7E-6E14E9E2C27A}.Release|Any CPU.ActiveCfg = Release|Any CPU
		{D832B8DD-041A-4B67-AA7E-6E14E9E2C27A}.Release|Any CPU.Build.0 = Release|Any CPU
		{7B88E26A-986B-4A66-B75F-0FD798B7FF0E}.Debug|Any CPU.ActiveCfg = Debug|Any CPU
		{7B88E26A-986B-4A66-B75F-0FD798B7FF0E}.Debug|Any CPU.Build.0 = Debug|Any CPU
		{7B88E26A-986B-4A66-B75F-0FD798B7FF0E}.Release|Any CPU.ActiveCfg = Release|Any CPU
		{7B88E26A-986B-4A66-B75F-0FD798B7FF0E}.Release|Any CPU.Build.0 = Release|Any CPU
		{36B51B61-A1E8-42D2-A07E-6DF606944C91}.Debug|Any CPU.ActiveCfg = Debug|Any CPU
		{36B51B61-A1E8-42D2-A07E-6DF606944C91}.Debug|Any CPU.Build.0 = Debug|Any CPU
		{36B51B61-A1E8-42D2-A07E-6DF606944C91}.Release|Any CPU.ActiveCfg = Release|Any CPU
		{36B51B61-A1E8-42D2-A07E-6DF606944C91}.Release|Any CPU.Build.0 = Release|Any CPU
	EndGlobalSection
	GlobalSection(SolutionProperties) = preSolution
		HideSolutionNode = FALSE
	EndGlobalSection
	GlobalSection(ExtensibilityGlobals) = postSolution
		SolutionGuid = {0B180DFF-DBC9-49F8-943B-A05BEF8A0747}
	EndGlobalSection
EndGlobal
